// !$*UTF8*$!
{
	archiveVersion = 1;
	classes = {
	};
	objectVersion = 56;
	objects = {

/* Begin PBXBuildFile section */
		000000000000000000000012 /* BoonkerVPNApp.swift in Sources */ = {isa = PBXBuildFile; fileRef = 000000000000000000000008 /* BoonkerVPNApp.swift */; };
		000000000000000000000013 /* ContentView.swift in Sources */ = {isa = PBXBuildFile; fileRef = 000000000000000000000009 /* ContentView.swift */; };
		000000000000000000000014 /* VPNService.swift in Sources */ = {isa = PBXBuildFile; fileRef = 00000000000000000000000A /* VPNService.swift */; };
		000000000000000000000015 /* BoonkerAPI.swift in Sources */ = {isa = PBXBuildFile; fileRef = 00000000000000000000000B /* BoonkerAPI.swift */; };
		000000000000000000000016 /* SecureTokenStore.swift in Sources */ = {isa = PBXBuildFile; fileRef = 00000000000000000000000C /* SecureTokenStore.swift */; };
		000000000000000000000017 /* AuthService.swift in Sources */ = {isa = PBXBuildFile; fileRef = 00000000000000000000000D /* AuthService.swift */; };
		000000000000000000000018 /* LoginView.swift in Sources */ = {isa = PBXBuildFile; fileRef = 00000000000000000000000E /* LoginView.swift */; };
		000000000000000000000019 /* AccountView.swift in Sources */ = {isa = PBXBuildFile; fileRef = 00000000000000000000000F /* AccountView.swift */; };
		000000000000000000000059 /* PacketTunnelProvider.swift in Sources */ = {isa = PBXBuildFile; fileRef = 000000000000000000000057 /* PacketTunnelProvider.swift */; };
		00000000000000000000005A /* BoonkerVPN Packet Tunnel.appex in Resources */ = {isa = PBXBuildFile; fileRef = 000000000000000000000055 /* BoonkerVPN Packet Tunnel.appex */; settings = {ATTRIBUTES = (RemoveHeadersOnCopy, ); }; };
		000000000000000000000064 /* SubscriptionService.swift in Sources */ = {isa = PBXBuildFile; fileRef = 000000000000000000000062 /* SubscriptionService.swift */; };
		000000000000000000000065 /* PlansView.swift in Sources */ = {isa = PBXBuildFile; fileRef = 000000000000000000000063 /* PlansView.swift */; };
		000000000000000000000074 /* WebPrototypeView.swift in Sources */ = {isa = PBXBuildFile; fileRef = 000000000000000000000072 /* WebPrototypeView.swift */; };
		000000000000000000000075 /* WebPrototype/vpn-prototype.html in Resources */ = {isa = PBXBuildFile; fileRef = 000000000000000000000073 /* WebPrototype/vpn-prototype.html */; };
		000000000000000000000076 /* WebPrototype/account-icon.png in Resources */ = {isa = PBXBuildFile; fileRef = 000000000000000000000077 /* WebPrototype/account-icon.png */; };
/* End PBXBuildFile section */

/* Begin PBXContainerItemProxy section */
		000000000000000000000071 /* PBXContainerItemProxy */ = {
			isa = PBXContainerItemProxy;
			containerPortal = 000000000000000000000001 /* Project object */;
			proxyType = 1;
			remoteGlobalIDString = 000000000000000000000050;
			remoteInfo = "BoonkerVPN Packet Tunnel";
		};
/* End PBXContainerItemProxy section */

/* Begin PBXFileReference section */
		000000000000000000000005 /* BoonkerVPN.app */ = {isa = PBXFileReference; explicitFileType = wrapper.application; includeInIndex = 0; path = BoonkerVPN.app; sourceTree = BUILT_PRODUCTS_DIR; };
		000000000000000000000008 /* BoonkerVPNApp.swift */ = {isa = PBXFileReference; lastKnownFileType = sourcecode.swift; path = BoonkerVPNApp.swift; sourceTree = "<group>"; };
		000000000000000000000009 /* ContentView.swift */ = {isa = PBXFileReference; lastKnownFileType = sourcecode.swift; path = ContentView.swift; sourceTree = "<group>"; };
		00000000000000000000000A /* VPNService.swift */ = {isa = PBXFileReference; lastKnownFileType = sourcecode.swift; path = VPNService.swift; sourceTree = "<group>"; };
		00000000000000000000000B /* BoonkerAPI.swift */ = {isa = PBXFileReference; lastKnownFileType = sourcecode.swift; path = BoonkerAPI.swift; sourceTree = "<group>"; };
		00000000000000000000000C /* SecureTokenStore.swift */ = {isa = PBXFileReference; lastKnownFileType = sourcecode.swift; path = SecureTokenStore.swift; sourceTree = "<group>"; };
		00000000000000000000000D /* AuthService.swift */ = {isa = PBXFileReference; lastKnownFileType = sourcecode.swift; path = AuthService.swift; sourceTree = "<group>"; };
		00000000000000000000000E /* LoginView.swift */ = {isa = PBXFileReference; lastKnownFileType = sourcecode.swift; path = LoginView.swift; sourceTree = "<group>"; };
		00000000000000000000000F /* AccountView.swift */ = {isa = PBXFileReference; lastKnownFileType = sourcecode.swift; path = AccountView.swift; sourceTree = "<group>"; };
		000000000000000000000055 /* BoonkerVPN Packet Tunnel.appex */ = {isa = PBXFileReference; explicitFileType = "wrapper.app-extension"; includeInIndex = 0; path = "BoonkerVPN Packet Tunnel.appex"; sourceTree = BUILT_PRODUCTS_DIR; };
		000000000000000000000057 /* PacketTunnelProvider.swift */ = {isa = PBXFileReference; lastKnownFileType = sourcecode.swift; path = PacketTunnelProvider.swift; sourceTree = "<group>"; };
		000000000000000000000058 /* Info.plist */ = {isa = PBXFileReference; lastKnownFileType = text.plist.xml; path = Info.plist; sourceTree = "<group>"; };
		000000000000000000000062 /* SubscriptionService.swift */ = {isa = PBXFileReference; lastKnownFileType = sourcecode.swift; path = SubscriptionService.swift; sourceTree = "<group>"; };
		000000000000000000000063 /* PlansView.swift */ = {isa = PBXFileReference; lastKnownFileType = sourcecode.swift; path = PlansView.swift; sourceTree = "<group>"; };
		000000000000000000000072 /* WebPrototypeView.swift */ = {isa = PBXFileReference; lastKnownFileType = sourcecode.swift; path = WebPrototypeView.swift; sourceTree = "<group>"; };
		000000000000000000000073 /* WebPrototype/vpn-prototype.html */ = {isa = PBXFileReference; lastKnownFileType = text.html; path = "WebPrototype/vpn-prototype.html"; sourceTree = "<group>"; };
		000000000000000000000077 /* WebPrototype/account-icon.png */ = {isa = PBXFileReference; lastKnownFileType = image.png; path = "WebPrototype/account-icon.png"; sourceTree = "<group>"; };
/* End PBXFileReference section */

/* Begin PBXFrameworksBuildPhase section */
		000000000000000000000021 /* Frameworks */ = {
			isa = PBXFrameworksBuildPhase;
			buildActionMask = 2147483647;
			files = (
			);
			runOnlyForDeploymentPostprocessing = 0;
		};
		000000000000000000000053 /* Frameworks */ = {
			isa = PBXFrameworksBuildPhase;
			buildActionMask = 2147483647;
			files = (
			);
			runOnlyForDeploymentPostprocessing = 0;
		};
/* End PBXFrameworksBuildPhase section */

/* Begin PBXGroup section */
		000000000000000000000003 = {
			isa = PBXGroup;
			children = (
				000000000000000000000006 /* BoonkerVPN */,
				000000000000000000000004 /* Products */,
				161E6B8C301FD8E9008A4AB9 /* Recovered References */,
			);
			sourceTree = "<group>";
		};
		000000000000000000000004 /* Products */ = {
			isa = PBXGroup;
			children = (
				000000000000000000000005 /* BoonkerVPN.app */,
			);
			name = Products;
			sourceTree = "<group>";
		};
		000000000000000000000006 /* BoonkerVPN */ = {
			isa = PBXGroup;
			children = (
				000000000000000000000008 /* BoonkerVPNApp.swift */,
				000000000000000000000009 /* ContentView.swift */,
				00000000000000000000000A /* VPNService.swift */,
				00000000000000000000000B /* BoonkerAPI.swift */,
				00000000000000000000000C /* SecureTokenStore.swift */,
				00000000000000000000000D /* AuthService.swift */,
				00000000000000000000000E /* LoginView.swift */,
				00000000000000000000000F /* AccountView.swift */,
				000000000000000000000062 /* SubscriptionService.swift */,
				000000000000000000000063 /* PlansView.swift */,
				000000000000000000000056 /* PacketTunnel */,
				000000000000000000000072 /* WebPrototypeView.swift */,
				000000000000000000000073 /* WebPrototype/vpn-prototype.html */,
				000000000000000000000077 /* WebPrototype/account-icon.png */,
			);
			path = BoonkerVPN;
			sourceTree = "<group>";
		};
		000000000000000000000056 /* PacketTunnel */ = {
			isa = PBXGroup;
			children = (
				000000000000000000000057 /* PacketTunnelProvider.swift */,
				000000000000000000000058 /* Info.plist */,
			);
			path = PacketTunnel;
			sourceTree = "<group>";
		};
		161E6B8C301FD8E9008A4AB9 /* Recovered References */ = {
			isa = PBXGroup;
			children = (
				000000000000000000000055 /* BoonkerVPN Packet Tunnel.appex */,
			);
			name = "Recovered References";
			sourceTree = "<group>";
		};
/* End PBXGroup section */

/* Begin PBXNativeTarget section */
		000000000000000000000002 /* BoonkerVPN */ = {
			isa = PBXNativeTarget;
			buildConfigurationList = 000000000000000000000011 /* Build configuration list for PBXNativeTarget "BoonkerVPN" */;
			buildPhases = (
				000000000000000000000020 /* Sources */,
				000000000000000000000021 /* Frameworks */,
				000000000000000000000022 /* Resources */,
			);
			buildRules = (
			);
			dependencies = (
				000000000000000000000070 /* PBXTargetDependency */,
			);
			name = BoonkerVPN;
			productName = BoonkerVPN;
			productReference = 000000000000000000000005 /* BoonkerVPN.app */;
			productType = "com.apple.product-type.application";
		};
		000000000000000000000050 /* BoonkerVPN Packet Tunnel */ = {
			isa = PBXNativeTarget;
			buildConfigurationList = 000000000000000000000051 /* Build configuration list for PBXNativeTarget "BoonkerVPN Packet Tunnel" */;
			buildPhases = (
				000000000000000000000052 /* Sources */,
				000000000000000000000053 /* Frameworks */,
				000000000000000000000054 /* Resources */,
			);
			buildRules = (
			);
			dependencies = (
			);
			name = "BoonkerVPN Packet Tunnel";
			productName = "BoonkerVPN Packet Tunnel";
			productReference = 000000000000000000000055 /* BoonkerVPN Packet Tunnel.appex */;
			productType = "com.apple.product-type.app-extension";
		};
/* End PBXNativeTarget section */

/* Begin PBXProject section */
		000000000000000000000001 /* Project object */ = {
			isa = PBXProject;
			attributes = {
				LastSwiftUpdateCheck = 2600;
				ORGANIZATIONNAME = Boonker;
				TargetAttributes = {
					000000000000000000000002 = {
						CreatedOnToolsVersion = 26.0;
					};
					000000000000000000000050 = {
						CreatedOnToolsVersion = 26.0;
					};
				};
			};
			buildConfigurationList = 000000000000000000000010 /* Build configuration list for PBXProject "BoonkerVPN" */;
			compatibilityVersion = "Xcode 14.0";
			developmentRegion = en;
			hasScannedForEncodings = 0;
			knownRegions = (
				en,
				Base,
			);
			mainGroup = 000000000000000000000003;
			productRefGroup = 000000000000000000000004 /* Products */;
			projectDirPath = "";
			projectRoot = "";
			targets = (
				000000000000000000000002 /* BoonkerVPN */,
				000000000000000000000050 /* BoonkerVPN Packet Tunnel */,
			);
		};
/* End PBXProject section */

/* Begin PBXResourcesBuildPhase section */
		000000000000000000000022 /* Resources */ = {
			isa = PBXResourcesBuildPhase;
			buildActionMask = 2147483647;
			files = (
				00000000000000000000005A /* BoonkerVPN Packet Tunnel.appex in Resources */,
				000000000000000000000075 /* WebPrototype/vpn-prototype.html in Resources */,
				000000000000000000000076 /* WebPrototype/account-icon.png in Resources */,
			);
			runOnlyForDeploymentPostprocessing = 0;
		};
		000000000000000000000054 /* Resources */ = {
			isa = PBXResourcesBuildPhase;
			buildActionMask = 2147483647;
			files = (
			);
			runOnlyForDeploymentPostprocessing = 0;
		};
/* End PBXResourcesBuildPhase section */

/* Begin PBXSourcesBuildPhase section */
		000000000000000000000020 /* Sources */ = {
			isa = PBXSourcesBuildPhase;
			buildActionMask = 2147483647;
			files = (
				000000000000000000000012 /* BoonkerVPNApp.swift in Sources */,
				000000000000000000000013 /* ContentView.swift in Sources */,
				000000000000000000000014 /* VPNService.swift in Sources */,
				000000000000000000000015 /* BoonkerAPI.swift in Sources */,
				000000000000000000000016 /* SecureTokenStore.swift in Sources */,
				000000000000000000000017 /* AuthService.swift in Sources */,
				000000000000000000000018 /* LoginView.swift in Sources */,
				000000000000000000000019 /* AccountView.swift in Sources */,
				000000000000000000000064 /* SubscriptionService.swift in Sources */,
				000000000000000000000065 /* PlansView.swift in Sources */,
				000000000000000000000074 /* WebPrototypeView.swift in Sources */,
			);
			runOnlyForDeploymentPostprocessing = 0;
		};
		000000000000000000000052 /* Sources */ = {
			isa = PBXSourcesBuildPhase;
			buildActionMask = 2147483647;
			files = (
				000000000000000000000059 /* PacketTunnelProvider.swift in Sources */,
			);
			runOnlyForDeploymentPostprocessing = 0;
		};
/* End PBXSourcesBuildPhase section */

/* Begin PBXTargetDependency section */
		000000000000000000000070 /* PBXTargetDependency */ = {
			isa = PBXTargetDependency;
			target = 000000000000000000000050 /* BoonkerVPN Packet Tunnel */;
			targetProxy = 000000000000000000000071 /* PBXContainerItemProxy */;
		};
/* End PBXTargetDependency section */

/* Begin XCBuildConfiguration section */
		000000000000000000000030 /* Debug */ = {
			isa = XCBuildConfiguration;
			buildSettings = {
				ALWAYS_SEARCH_USER_PATHS = NO;
			};
			name = Debug;
		};
		000000000000000000000031 /* Release */ = {
			isa = XCBuildConfiguration;
			buildSettings = {
				ALWAYS_SEARCH_USER_PATHS = NO;
			};
			name = Release;
		};
		000000000000000000000032 /* Debug */ = {
			isa = XCBuildConfiguration;
			buildSettings = {
				DEVELOPMENT_TEAM = 9MHCLVWC43;
				GENERATE_INFOPLIST_FILE = NO;
				INFOPLIST_FILE = BoonkerVPN/Info.plist;
				INFOPLIST_KEY_CFBundleExecutable = "$(EXECUTABLE_NAME)";
				INFOPLIST_KEY_CFBundleIdentifier = com.boonker.vpn;
				INFOPLIST_KEY_CFBundleName = "$(PRODUCT_NAME)";
				INFOPLIST_KEY_CFBundlePackageType = APPL;
				INFOPLIST_KEY_CFBundleShortVersionString = 1.0;
				INFOPLIST_KEY_CFBundleVersion = 1;
				IPHONEOS_DEPLOYMENT_TARGET = 17.0;
				PRODUCT_BUNDLE_IDENTIFIER = com.boonker.vpn;
				PRODUCT_NAME = "$(TARGET_NAME)";
				SDKROOT = iphoneos;
				SWIFT_VERSION = 5.0;
				TARGETED_DEVICE_FAMILY = "1,2";
			};
			name = Debug;
		};
		000000000000000000000033 /* Release */ = {
			isa = XCBuildConfiguration;
			buildSettings = {
				DEVELOPMENT_TEAM = 9MHCLVWC43;
				GENERATE_INFOPLIST_FILE = NO;
				INFOPLIST_FILE = BoonkerVPN/Info.plist;
				INFOPLIST_KEY_CFBundleExecutable = "$(EXECUTABLE_NAME)";
				INFOPLIST_KEY_CFBundleIdentifier = com.boonker.vpn;
				INFOPLIST_KEY_CFBundleName = "$(PRODUCT_NAME)";
				INFOPLIST_KEY_CFBundlePackageType = APPL;
				INFOPLIST_KEY_CFBundleShortVersionString = 1.0;
				INFOPLIST_KEY_CFBundleVersion = 1;
				IPHONEOS_DEPLOYMENT_TARGET = 17.0;
				PRODUCT_BUNDLE_IDENTIFIER = com.boonker.vpn;
				PRODUCT_NAME = "$(TARGET_NAME)";
				SDKROOT = iphoneos;
				SWIFT_VERSION = 5.0;
				TARGETED_DEVICE_FAMILY = "1,2";
			};
			name = Release;
		};
		000000000000000000000060 /* Debug */ = {
			isa = XCBuildConfiguration;
			buildSettings = {
				DEVELOPMENT_TEAM = 9MHCLVWC43;
				INFOPLIST_FILE = BoonkerVPN/PacketTunnel/Info.plist;
				IPHONEOS_DEPLOYMENT_TARGET = 17.0;
				PRODUCT_BUNDLE_IDENTIFIER = com.boonker.vpn.PacketTunnel;
				PRODUCT_NAME = "$(TARGET_NAME)";
				SDKROOT = iphoneos;
				SWIFT_VERSION = 5.0;
			};
			name = Debug;
		};
		000000000000000000000061 /* Release */ = {
			isa = XCBuildConfiguration;
			buildSettings = {
				DEVELOPMENT_TEAM = 9MHCLVWC43;
				INFOPLIST_FILE = BoonkerVPN/PacketTunnel/Info.plist;
				IPHONEOS_DEPLOYMENT_TARGET = 17.0;
				PRODUCT_BUNDLE_IDENTIFIER = com.boonker.vpn.PacketTunnel;
				PRODUCT_NAME = "$(TARGET_NAME)";
				SDKROOT = iphoneos;
				SWIFT_VERSION = 5.0;
			};
			name = Release;
		};
/* End XCBuildConfiguration section */

/* Begin XCConfigurationList section */
		000000000000000000000010 /* Build configuration list for PBXProject "BoonkerVPN" */ = {
			isa = XCConfigurationList;
			buildConfigurations = (
				000000000000000000000030 /* Debug */,
				000000000000000000000031 /* Release */,
			);
			defaultConfigurationIsVisible = 0;
			defaultConfigurationName = Release;
		};
		000000000000000000000011 /* Build configuration list for PBXNativeTarget "BoonkerVPN" */ = {
			isa = XCConfigurationList;
			buildConfigurations = (
				000000000000000000000032 /* Debug */,
				000000000000000000000033 /* Release */,
			);
			defaultConfigurationIsVisible = 0;
			defaultConfigurationName = Release;
		};
		000000000000000000000051 /* Build configuration list for PBXNativeTarget "BoonkerVPN Packet Tunnel" */ = {
			isa = XCConfigurationList;
			buildConfigurations = (
				000000000000000000000060 /* Debug */,
				000000000000000000000061 /* Release */,
			);
			defaultConfigurationIsVisible = 0;
			defaultConfigurationName = Release;
		};
/* End XCConfigurationList section */
	};
	rootObject = 000000000000000000000001 /* Project object */;
}
